// !$*UTF8*$!
{
	archiveVersion = 1;
	classes = {
	};
	objectVersion = 46;
	objects = {

/* Begin PBXBuildFile section */
		442345061A6C3C51001F137F /* main.m in Sources */ = {isa = PBXBuildFile; fileRef = 442345051A6C3C51001F137F /* main.m */; };
		442345091A6C3C51001F137F /* AppDelegate.m in Sources */ = {isa = PBXBuildFile; fileRef = 442345081A6C3C51001F137F /* AppDelegate.m */; };
		4423450C1A6C3C51001F137F /* ViewController.m in Sources */ = {isa = PBXBuildFile; fileRef = 4423450B1A6C3C51001F137F /* ViewController.m */; };
		4423450F1A6C3C51001F137F /* Main.storyboard in Resources */ = {isa = PBXBuildFile; fileRef = 4423450D1A6C3C51001F137F /* Main.storyboard */; };
		442345111A6C3C51001F137F /* Images.xcassets in Resources */ = {isa = PBXBuildFile; fileRef = 442345101A6C3C51001F137F /* Images.xcassets */; };
		442345141A6C3C51001F137F /* LaunchScreen.xib in Resources */ = {isa = PBXBuildFile; fileRef = 442345121A6C3C51001F137F /* LaunchScreen.xib */; };
		442345201A6C3C51001F137F /* HadoukenTests.m in Sources */ = {isa = PBXBuildFile; fileRef = 4423451F1A6C3C51001F137F /* HadoukenTests.m */; };
/* End PBXBuildFile section */

/* Begin PBXContainerItemProxy section */
		4423451A1A6C3C51001F137F /* PBXContainerItemProxy */ = {
			isa = PBXContainerItemProxy;
			containerPortal = 442344F81A6C3C50001F137F /* Project object */;
			proxyType = 1;
			remoteGlobalIDString = 442344FF1A6C3C50001F137F;
			remoteInfo = Hadouken;
		};
/* End PBXContainerItemProxy section */

/* Begin PBXFileReference section */
		442345001A6C3C51001F137F /* Hadouken.app */ = {isa = PBXFileReference; explicitFileType = wrapper.application; includeInIndex = 0; path = Hadouken.app; sourceTree = BUILT_PRODUCTS_DIR; };
		442345041A6C3C51001F137F /* Info.plist */ = {isa = PBXFileReference; lastKnownFileType = text.plist.xml; path = Info.plist; sourceTree = "<group>"; };
		442345051A6C3C51001F137F /* main.m */ = {isa = PBXFileReference; lastKnownFileType = sourcecode.c.objc; path = main.m; sourceTree = "<group>"; };
		442345071A6C3C51001F137F /* AppDelegate.h */ = {isa = PBXFileReference; lastKnownFileType = sourcecode.c.h; path = AppDelegate.h; sourceTree = "<group>"; };
		442345081A6C3C51001F137F /* AppDelegate.m */ = {isa = PBXFileReference; lastKnownFileType = sourcecode.c.objc; path = AppDelegate.m; sourceTree = "<group>"; };
		4423450A1A6C3C51001F137F /* ViewController.h */ = {isa = PBXFileReference; lastKnownFileType = sourcecode.c.h; path = ViewController.h; sourceTree = "<group>"; };
		4423450B1A6C3C51001F137F /* ViewController.m */ = {isa = PBXFileReference; lastKnownFileType = sourcecode.c.objc; path = ViewController.m; sourceTree = "<group>"; };
		4423450E1A6C3C51001F137F /* Base */ = {isa = PBXFileReference; lastKnownFileType = file.storyboard; name = Base; path = Base.lproj/Main.storyboard; sourceTree = "<group>"; };
		442345101A6C3C51001F137F /* Images.xcassets */ = {isa = PBXFileReference; lastKnownFileType = folder.assetcatalog; path = Images.xcassets; sourceTree = "<group>"; };
		442345131A6C3C51001F137F /* Base */ = {isa = PBXFileReference; lastKnownFileType = file.xib; name = Base; path = Base.lproj/LaunchScreen.xib; sourceTree = "<group>"; };
		442345191A6C3C51001F137F /* HadoukenTests.xctest */ = {isa = PBXFileReference; explicitFileType = wrapper.cfbundle; includeInIndex = 0; path = HadoukenTests.xctest; sourceTree = BUILT_PRODUCTS_DIR; };
		4423451E1A6C3C51001F137F /* Info.plist */ = {isa = PBXFileReference; lastKnownFileType = text.plist.xml; path = Info.plist; sourceTree = "<group>"; };
		4423451F1A6C3C51001F137F /* HadoukenTests.m */ = {isa = PBXFileReference; lastKnownFileType = sourcecode.c.objc; path = HadoukenTests.m; sourceTree = "<group>"; };
/* End PBXFileReference section */

/* Begin PBXFrameworksBuildPhase section */
		442344FD1A6C3C50001F137F /* Frameworks */ = {
			isa = PBXFrameworksBuildPhase;
			buildActionMask = 2147483647;
			files = (
			);
			runOnlyForDeploymentPostprocessing = 0;
		};
		442345161A6C3C51001F137F /* Frameworks */ = {
			isa = PBXFrameworksBuildPhase;
			buildActionMask = 2147483647;
			files = (
			);
			runOnlyForDeploymentPostprocessing = 0;
		};
/* End PBXFrameworksBuildPhase section */

/* Begin PBXGroup section */
		442344F71A6C3C50001F137F = {
			isa = PBXGroup;
			children = (
				442345021A6C3C51001F137F /* Hadouken */,
				4423451C1A6C3C51001F137F /* HadoukenTests */,
				442345011A6C3C51001F137F /* Products */,
			);
			sourceTree = "<group>";
		};
		442345011A6C3C51001F137F /* Products */ = {
			isa = PBXGroup;
			children = (
				442345001A6C3C51001F137F /* Hadouken.app */,
				442345191A6C3C51001F137F /* HadoukenTests.xctest */,
			);
			name = Products;
			sourceTree = "<group>";
		};
		442345021A6C3C51001F137F /* Hadouken */ = {
			isa = PBXGroup;
			children = (
				442345071A6C3C51001F137F /* AppDelegate.h */,
				442345081A6C3C51001F137F /* AppDelegate.m */,
				4423450A1A6C3C51001F137F /* ViewController.h */,
				4423450B1A6C3C51001F137F /* ViewController.m */,
				4423450D1A6C3C51001F137F /* Main.storyboard */,
				442345101A6C3C51001F137F /* Images.xcassets */,
				442345121A6C3C51001F137F /* LaunchScreen.xib */,
				442345031A6C3C51001F137F /* Supporting Files */,
			);
			path = Hadouken;
			sourceTree = "<group>";
		};
		442345031A6C3C51001F137F /* Supporting Files */ = {
			isa = PBXGroup;
			children = (
				442345041A6C3C51001F137F /* Info.plist */,
				442345051A6C3C51001F137F /* main.m */,
			);
			name = "Supporting Files";
			sourceTree = "<group>";
		};
		4423451C1A6C3C51001F137F /* HadoukenTests */ = {
			isa = PBXGroup;
			children = (
				4423451F1A6C3C51001F137F /* HadoukenTests.m */,
				4423451D1A6C3C51001F137F /* Supporting Files */,
			);
			path = HadoukenTests;
			sourceTree = "<group>";
		};
		4423451D1A6C3C51001F137F /* Supporting Files */ = {
			isa = PBXGroup;
			children = (
				4423451E1A6C3C51001F137F /* Info.plist */,
			);
			name = "Supporting Files";
			sourceTree = "<group>";
		};
/* End PBXGroup section */

/* Begin PBXNativeTarget section */
		442344FF1A6C3C50001F137F /* Hadouken */ = {
			isa = PBXNativeTarget;
			buildConfigurationList = 442345231A6C3C51001F137F /* Build configuration list for PBXNativeTarget "Hadouken" */;
			buildPhases = (
				442344FC1A6C3C50001F137F /* Sources */,
				442344FD1A6C3C50001F137F /* Frameworks */,
				442344FE1A6C3C50001F137F /* Resources */,
			);
			buildRules = (
			);
			dependencies = (
			);
			name = Hadouken;
			productName = Hadouken;
			productReference = 442345001A6C3C51001F137F /* Hadouken.app */;
			productType = "com.apple.product-type.application";
		};
		442345181A6C3C51001F137F /* HadoukenTests */ = {
			isa = PBXNativeTarget;
			buildConfigurationList = 442345261A6C3C51001F137F /* Build configuration list for PBXNativeTarget "HadoukenTests" */;
			buildPhases = (
				442345151A6C3C51001F137F /* Sources */,
				442345161A6C3C51001F137F /* Frameworks */,
				442345171A6C3C51001F137F /* Resources */,
			);
			buildRules = (
			);
			dependencies = (
				4423451B1A6C3C51001F137F /* PBXTargetDependency */,
			);
			name = HadoukenTests;
			productName = HadoukenTests;
			productReference = 442345191A6C3C51001F137F /* HadoukenTests.xctest */;
			productType = "com.apple.product-type.bundle.unit-test";
		};
/* End PBXNativeTarget section */

/* Begin PBXProject section */
		442344F81A6C3C50001F137F /* Project object */ = {
			isa = PBXProject;
			attributes = {
				LastUpgradeCheck = 0610;
				ORGANIZATIONNAME = "Derrick Fox";
				TargetAttributes = {
					442344FF1A6C3C50001F137F = {
						CreatedOnToolsVersion = 6.1.1;
					};
					442345181A6C3C51001F137F = {
						CreatedOnToolsVersion = 6.1.1;
						TestTargetID = 442344FF1A6C3C50001F137F;
					};
				};
			};
			buildConfigurationList = 442344FB1A6C3C50001F137F /* Build configuration list for PBXProject "Hadouken" */;
			compatibilityVersion = "Xcode 3.2";
			developmentRegion = English;
			hasScannedForEncodings = 0;
			knownRegions = (
				en,
				Base,
			);
			mainGroup = 442344F71A6C3C50001F137F;
			productRefGroup = 442345011A6C3C51001F137F /* Products */;
			projectDirPath = "";
			projectRoot = "";
			targets = (
				442344FF1A6C3C50001F137F /* Hadouken */,
				442345181A6C3C51001F137F /* HadoukenTests */,
			);
		};
/* End PBXProject section */

/* Begin PBXResourcesBuildPhase section */
		442344FE1A6C3C50001F137F /* Resources */ = {
			isa = PBXResourcesBuildPhase;
			buildActionMask = 2147483647;
			files = (
				4423450F1A6C3C51001F137F /* Main.storyboard in Resources */,
				442345141A6C3C51001F137F /* LaunchScreen.xib in Resources */,
				442345111A6C3C51001F137F /* Images.xcassets in Resources */,
			);
			runOnlyForDeploymentPostprocessing = 0;
		};
		442345171A6C3C51001F137F /* Resources */ = {
			isa = PBXResourcesBuildPhase;
			buildActionMask = 2147483647;
			files = (
			);
			runOnlyForDeploymentPostprocessing = 0;
		};
/* End PBXResourcesBuildPhase section */

/* Begin PBXSourcesBuildPhase section */
		442344FC1A6C3C50001F137F /* Sources */ = {
			isa = PBXSourcesBuildPhase;
			buildActionMask = 2147483647;
			files = (
				4423450C1A6C3C51001F137F /* ViewController.m in Sources */,
				442345091A6C3C51001F137F /* AppDelegate.m in Sources */,
				442345061A6C3C51001F137F /* main.m in Sources */,
			);
			runOnlyForDeploymentPostprocessing = 0;
		};
		442345151A6C3C51001F137F /* Sources */ = {
			isa = PBXSourcesBuildPhase;
			buildActionMask = 2147483647;
			files = (
				442345201A6C3C51001F137F /* HadoukenTests.m in Sources */,
			);
			runOnlyForDeploymentPostprocessing = 0;
		};
/* End PBXSourcesBuildPhase section */

/* Begin PBXTargetDependency section */
		4423451B1A6C3C51001F137F /* PBXTargetDependency */ = {
			isa = PBXTargetDependency;
			target = 442344FF1A6C3C50001F137F /* Hadouken */;
			targetProxy = 4423451A1A6C3C51001F137F /* PBXContainerItemProxy */;
		};
/* End PBXTargetDependency section */

/* Begin PBXVariantGroup section */
		4423450D1A6C3C51001F137F /* Main.storyboard */ = {
			isa = PBXVariantGroup;
			children = (
				4423450E1A6C3C51001F137F /* Base */,
			);
			name = Main.storyboard;
			sourceTree = "<group>";
		};
		442345121A6C3C51001F137F /* LaunchScreen.xib */ = {
			isa = PBXVariantGroup;
			children = (
				442345131A6C3C51001F137F /* Base */,
			);
			name = LaunchScreen.xib;
			sourceTree = "<group>";
		};
/* End PBXVariantGroup section */

/* Begin XCBuildConfiguration section */
		442345211A6C3C51001F137F /* Debug */ = {
			isa = XCBuildConfiguration;
			buildSettings = {
				ALWAYS_SEARCH_USER_PATHS = NO;
				CLANG_CXX_LANGUAGE_STANDARD = "gnu++0x";
				CLANG_CXX_LIBRARY = "libc++";
				CLANG_ENABLE_MODULES = YES;
				CLANG_ENABLE_OBJC_ARC = YES;
				CLANG_WARN_BOOL_CONVERSION = YES;
				CLANG_WARN_CONSTANT_CONVERSION = YES;
				CLANG_WARN_DIRECT_OBJC_ISA_USAGE = YES_ERROR;
				CLANG_WARN_EMPTY_BODY = YES;
				CLANG_WARN_ENUM_CONVERSION = YES;
				CLANG_WARN_INT_CONVERSION = YES;
				CLANG_WARN_OBJC_ROOT_CLASS = YES_ERROR;
				CLANG_WARN_UNREACHABLE_CODE = YES;
				CLANG_WARN__DUPLICATE_METHOD_MATCH = YES;
				"CODE_SIGN_IDENTITY[sdk=iphoneos*]" = "iPhone Developer";
				COPY_PHASE_STRIP = NO;
				ENABLE_STRICT_OBJC_MSGSEND = YES;
				GCC_C_LANGUAGE_STANDARD = gnu99;
				GCC_DYNAMIC_NO_PIC = NO;
				GCC_OPTIMIZATION_LEVEL = 0;
				GCC_PREPROCESSOR_DEFINITIONS = (
					"DEBUG=1",
					"$(inherited)",
				);
				GCC_SYMBOLS_PRIVATE_EXTERN = NO;
				GCC_WARN_64_TO_32_BIT_CONVERSION = YES;
				GCC_WARN_ABOUT_RETURN_TYPE = YES_ERROR;
				GCC_WARN_UNDECLARED_SELECTOR = YES;
				GCC_WARN_UNINITIALIZED_AUTOS = YES_AGGRESSIVE;
				GCC_WARN_UNUSED_FUNCTION = YES;
				GCC_WARN_UNUSED_VARIABLE = YES;
				IPHONEOS_DEPLOYMENT_TARGET = 8.1;
				MTL_ENABLE_DEBUG_INFO = YES;
				ONLY_ACTIVE_ARCH = YES;
				SDKROOT = iphoneos;
			};
			name = Debug;
		};
		442345221A6C3C51001F137F /* Release */ = {
			isa = XCBuildConfiguration;
			buildSettings = {
				ALWAYS_SEARCH_USER_PATHS = NO;
				CLANG_CXX_LANGUAGE_STANDARD = "gnu++0x";
				CLANG_CXX_LIBRARY = "libc++";
				CLANG_ENABLE_MODULES = YES;
				CLANG_ENABLE_OBJC_ARC = YES;
				CLANG_WARN_BOOL_CONVERSION = YES;
				CLANG_WARN_CONSTANT_CONVERSION = YES;
				CLANG_WARN_DIRECT_OBJC_ISA_USAGE = YES_ERROR;
				CLANG_WARN_EMPTY_BODY = YES;
				CLANG_WARN_ENUM_CONVERSION = YES;
				CLANG_WARN_INT_CONVERSION = YES;
				CLANG_WARN_OBJC_ROOT_CLASS = YES_ERROR;
				CLANG_WARN_UNREACHABLE_CODE = YES;
				CLANG_WARN__DUPLICATE_METHOD_MATCH = YES;
				"CODE_SIGN_IDENTITY[sdk=iphoneos*]" = "iPhone Developer";
				COPY_PHASE_STRIP = YES;
				ENABLE_NS_ASSERTIONS = NO;
				ENABLE_STRICT_OBJC_MSGSEND = YES;
				GCC_C_LANGUAGE_STANDARD = gnu99;
				GCC_WARN_64_TO_32_BIT_CONVERSION = YES;
				GCC_WARN_ABOUT_RETURN_TYPE = YES_ERROR;
				GCC_WARN_UNDECLARED_SELECTOR = YES;
				GCC_WARN_UNINITIALIZED_AUTOS = YES_AGGRESSIVE;
				GCC_WARN_UNUSED_FUNCTION = YES;
				GCC_WARN_UNUSED_VARIABLE = YES;
				IPHONEOS_DEPLOYMENT_TARGET = 8.1;
				MTL_ENABLE_DEBUG_INFO = NO;
				SDKROOT = iphoneos;
				VALIDATE_PRODUCT = YES;
			};
			name = Release;
		};
		442345241A6C3C51001F137F /* Debug */ = {
			isa = XCBuildConfiguration;
			buildSettings = {
				ASSETCATALOG_COMPILER_APPICON_NAME = AppIcon;
				INFOPLIST_FILE = Hadouken/Info.plist;
				LD_RUNPATH_SEARCH_PATHS = "$(inherited) @executable_path/Frameworks";
				PRODUCT_NAME = "$(TARGET_NAME)";
			};
			name = Debug;
		};
		442345251A6C3C51001F137F /* Release */ = {
			isa = XCBuildConfiguration;
			buildSettings = {
				ASSETCATALOG_COMPILER_APPICON_NAME = AppIcon;
				INFOPLIST_FILE = Hadouken/Info.plist;
				LD_RUNPATH_SEARCH_PATHS = "$(inherited) @executable_path/Frameworks";
				PRODUCT_NAME = "$(TARGET_NAME)";
			};
			name = Release;
		};
		442345271A6C3C51001F137F /* Debug */ = {
			isa = XCBuildConfiguration;
			buildSettings = {
				BUNDLE_LOADER = "$(TEST_HOST)";
				FRAMEWORK_SEARCH_PATHS = (
					"$(SDKROOT)/Developer/Library/Frameworks",
					"$(inherited)",
				);
				GCC_PREPROCESSOR_DEFINITIONS = (
					"DEBUG=1",
					"$(inherited)",
				);
				INFOPLIST_FILE = HadoukenTests/Info.plist;
				LD_RUNPATH_SEARCH_PATHS = "$(inherited) @executable_path/Frameworks @loader_path/Frameworks";
				PRODUCT_NAME = "$(TARGET_NAME)";
				TEST_HOST = "$(BUILT_PRODUCTS_DIR)/Hadouken.app/Hadouken";
			};
			name = Debug;
		};
		442345281A6C3C51001F137F /* Release */ = {
			isa = XCBuildConfiguration;
			buildSettings = {
				BUNDLE_LOADER = "$(TEST_HOST)";
				FRAMEWORK_SEARCH_PATHS = (
					"$(SDKROOT)/Developer/Library/Frameworks",
					"$(inherited)",
				);
				INFOPLIST_FILE = HadoukenTests/Info.plist;
				LD_RUNPATH_SEARCH_PATHS = "$(inherited) @executable_path/Frameworks @loader_path/Frameworks";
				PRODUCT_NAME = "$(TARGET_NAME)";
				TEST_HOST = "$(BUILT_PRODUCTS_DIR)/Hadouken.app/Hadouken";
			};
			name = Release;
		};
/* End XCBuildConfiguration section */

/* Begin XCConfigurationList section */
		442344FB1A6C3C50001F137F /* Build configuration list for PBXProject "Hadouken" */ = {
			isa = XCConfigurationList;
			buildConfigurations = (
				442345211A6C3C51001F137F /* Debug */,
				442345221A6C3C51001F137F /* Release */,
			);
			defaultConfigurationIsVisible = 0;
			defaultConfigurationName = Release;
		};
		442345231A6C3C51001F137F /* Build configuration list for PBXNativeTarget "Hadouken" */ = {
			isa = XCConfigurationList;
			buildConfigurations = (
				442345241A6C3C51001F137F /* Debug */,
				442345251A6C3C51001F137F /* Release */,
			);
			defaultConfigurationIsVisible = 0;
		};
		442345261A6C3C51001F137F /* Build configuration list for PBXNativeTarget "HadoukenTests" */ = {
			isa = XCConfigurationList;
			buildConfigurations = (
				442345271A6C3C51001F137F /* Debug */,
				442345281A6C3C51001F137F /* Release */,
			);
			defaultConfigurationIsVisible = 0;
		};
/* End XCConfigurationList section */
	};
	rootObject = 442344F81A6C3C50001F137F /* Project object */;
}
